
Microsoft Visual Studio Solution File, Format Version 12.00
# Visual Studio Version 17
VisualStudioVersion = 17.3.32929.385
MinimumVisualStudioVersion = 10.0.40219.1
Project("{FAE04EC0-301F-11D3-BF4B-00C04F79EFBC}") = "Source and Version control", "Source and Version control\Source and Version control.csproj", "{2C87EEA6-CAC4-467F-BA98-97D2902E1DA2}"
EndProject
Global
	GlobalSection(SolutionConfigurationPlatforms) = preSolution
		Debug|Any CPU = Debug|Any CPU
		Release|Any CPU = Release|Any CPU
	EndGlobalSection
	GlobalSection(ProjectConfigurationPlatforms) = postSolution
		{2C87EEA6-CAC4-467F-BA98-97D2902E1DA2}.Debug|Any CPU.ActiveCfg = Debug|Any CPU
		{2C87EEA6-CAC4-467F-BA98-97D2902E1DA2}.Debug|Any CPU.Build.0 = Debug|Any CPU
		{2C87EEA6-CAC4-467F-BA98-97D2902E1DA2}.Release|Any CPU.ActiveCfg = Release|Any CPU
		{2C87EEA6-CAC4-467F-BA98-97D2902E1DA2}.Release|Any CPU.Build.0 = Release|Any CPU
	EndGlobalSection
	GlobalSection(SolutionProperties) = preSolution
		HideSolutionNode = FALSE
	EndGlobalSection
	GlobalSection(ExtensibilityGlobals) = postSolution
		SolutionGuid = {BA2F58BE-ED00-4D10-B350-7DFDE3BF85DC}
	EndGlobalSection
EndGlobal
